
Microsoft Visual Studio Solution File, Format Version 12.00
# Visual Studio Version 16
VisualStudioVersion = 16.0.29806.167
MinimumVisualStudioVersion = 10.0.40219.1
Project("{8BC9CEB8-8B4A-11D0-8D11-00A0C91BC942}") = "TeaGameLib", "TeaGameLib\TeaGameLib.vcxproj", "{8C53BE26-DDE1-4A2B-98D9-688977AEA02D}"
EndProject
Project("{8BC9CEB8-8B4A-11D0-8D11-00A0C91BC942}") = "ExampleGame1", "ExampleGame1\ExampleGame1.vcxproj", "{EE5410EA-AFC7-488E-B007-75EBB3B955FD}"
EndProject
Project("{8BC9CEB8-8B4A-11D0-8D11-00A0C91BC942}") = "ExampleGame2", "ExampleGame2\ExampleGame2.vcxproj", "{54C248AE-E991-4190-A49B-CDC7C70179E1}"
EndProject
Global
	GlobalSection(SolutionConfigurationPlatforms) = preSolution
		Debug|x64 = Debug|x64
		Debug|x86 = Debug|x86
		Release|x64 = Release|x64
		Release|x86 = Release|x86
	EndGlobalSection
	GlobalSection(ProjectConfigurationPlatforms) = postSolution
		{8C53BE26-DDE1-4A2B-98D9-688977AEA02D}.Debug|x64.ActiveCfg = Debug|x64
		{8C53BE26-DDE1-4A2B-98D9-688977AEA02D}.Debug|x64.Build.0 = Debug|x64
		{8C53BE26-DDE1-4A2B-98D9-688977AEA02D}.Debug|x86.ActiveCfg = Debug|Win32
		{8C53BE26-DDE1-4A2B-98D9-688977AEA02D}.Debug|x86.Build.0 = Debug|Win32
		{8C53BE26-DDE1-4A2B-98D9-688977AEA02D}.Release|x64.ActiveCfg = Release|x64
		{8C53BE26-DDE1-4A2B-98D9-688977AEA02D}.Release|x64.Build.0 = Release|x64
		{8C53BE26-DDE1-4A2B-98D9-688977AEA02D}.Release|x86.ActiveCfg = Release|Win32
		{8C53BE26-DDE1-4A2B-98D9-688977AEA02D}.Release|x86.Build.0 = Release|Win32
		{EE5410EA-AFC7-488E-B007-75EBB3B955FD}.Debug|x64.ActiveCfg = Debug|x64
		{EE5410EA-AFC7-488E-B007-75EBB3B955FD}.Debug|x64.Build.0 = Debug|x64
		{EE5410EA-AFC7-488E-B007-75EBB3B955FD}.Debug|x86.ActiveCfg = Debug|Win32
		{EE5410EA-AFC7-488E-B007-75EBB3B955FD}.Debug|x86.Build.0 = Debug|Win32
		{EE5410EA-AFC7-488E-B007-75EBB3B955FD}.Release|x64.ActiveCfg = Release|x64
		{EE5410EA-AFC7-488E-B007-75EBB3B955FD}.Release|x64.Build.0 = Release|x64
		{EE5410EA-AFC7-488E-B007-75EBB3B955FD}.Release|x86.ActiveCfg = Release|Win32
		{EE5410EA-AFC7-488E-B007-75EBB3B955FD}.Release|x86.Build.0 = Release|Win32
		{54C248AE-E991-4190-A49B-CDC7C70179E1}.Debug|x64.ActiveCfg = Debug|x64
		{54C248AE-E991-4190-A49B-CDC7C70179E1}.Debug|x64.Build.0 = Debug|x64
		{54C248AE-E991-4190-A49B-CDC7C70179E1}.Debug|x86.ActiveCfg = Debug|Win32
		{54C248AE-E991-4190-A49B-CDC7C70179E1}.Debug|x86.Build.0 = Debug|Win32
		{54C248AE-E991-4190-A49B-CDC7C70179E1}.Release|x64.ActiveCfg = Release|x64
		{54C248AE-E991-4190-A49B-CDC7C70179E1}.Release|x64.Build.0 = Release|x64
		{54C248AE-E991-4190-A49B-CDC7C70179E1}.Release|x86.ActiveCfg = Release|Win32
		{54C248AE-E991-4190-A49B-CDC7C70179E1}.Release|x86.Build.0 = Release|Win32
	EndGlobalSection
	GlobalSection(SolutionProperties) = preSolution
		HideSolutionNode = FALSE
	EndGlobalSection
	GlobalSection(ExtensibilityGlobals) = postSolution
		SolutionGuid = {0DF8359C-007E-4787-AE25-BDFA83A5EEDD}
	EndGlobalSection
EndGlobal
